// !$*UTF8*$!
{
	archiveVersion = 1;
	classes = {
	};
	objectVersion = 55;
	objects = {

/* Begin PBXBuildFile section */
		908C6EAE2970A1540043BB80 /* ReminderViewController.swift in Sources */ = {isa = PBXBuildFile; fileRef = 908C6EAD2970A1540043BB80 /* ReminderViewController.swift */; };
		908C6EB12970A8D60043BB80 /* ReminderViewController+Row.swift in Sources */ = {isa = PBXBuildFile; fileRef = 908C6EB02970A8D60043BB80 /* ReminderViewController+Row.swift */; };
		90C9D81F298EC87F00620410 /* ReminderViewController+Section.swift in Sources */ = {isa = PBXBuildFile; fileRef = 90C9D81E298EC87F00620410 /* ReminderViewController+Section.swift */; };
		90E791A72963725E00BAACFD /* AppDelegate.swift in Sources */ = {isa = PBXBuildFile; fileRef = 90E791A62963725E00BAACFD /* AppDelegate.swift */; };
		90E791A92963725E00BAACFD /* SceneDelegate.swift in Sources */ = {isa = PBXBuildFile; fileRef = 90E791A82963725E00BAACFD /* SceneDelegate.swift */; };
		90E791AB2963725E00BAACFD /* ReminderListViewController.swift in Sources */ = {isa = PBXBuildFile; fileRef = 90E791AA2963725E00BAACFD /* ReminderListViewController.swift */; };
		90E791AE2963725E00BAACFD /* Main.storyboard in Resources */ = {isa = PBXBuildFile; fileRef = 90E791AC2963725E00BAACFD /* Main.storyboard */; };
		90E791B02963726000BAACFD /* Assets.xcassets in Resources */ = {isa = PBXBuildFile; fileRef = 90E791AF2963726000BAACFD /* Assets.xcassets */; };
		90E791B32963726000BAACFD /* LaunchScreen.storyboard in Resources */ = {isa = PBXBuildFile; fileRef = 90E791B12963726000BAACFD /* LaunchScreen.storyboard */; };
		90E791BD2963748800BAACFD /* Reminder.swift in Sources */ = {isa = PBXBuildFile; fileRef = 90E791BC2963748800BAACFD /* Reminder.swift */; };
		90E791BF29637CE100BAACFD /* Date+Today.swift in Sources */ = {isa = PBXBuildFile; fileRef = 90E791BE29637CE100BAACFD /* Date+Today.swift */; };
		90E791C22963812000BAACFD /* ReminderListViewController+DataSource.swift in Sources */ = {isa = PBXBuildFile; fileRef = 90E791C12963812000BAACFD /* ReminderListViewController+DataSource.swift */; };
		90E791C7296622B500BAACFD /* ReminderDoneButton.swift in Sources */ = {isa = PBXBuildFile; fileRef = 90E791C6296622B500BAACFD /* ReminderDoneButton.swift */; };
		90E791C92966245C00BAACFD /* ReminderListViewController+Actions.swift in Sources */ = {isa = PBXBuildFile; fileRef = 90E791C82966245C00BAACFD /* ReminderListViewController+Actions.swift */; };
/* End PBXBuildFile section */

/* Begin PBXFileReference section */
		908C6EAD2970A1540043BB80 /* ReminderViewController.swift */ = {isa = PBXFileReference; lastKnownFileType = sourcecode.swift; path = ReminderViewController.swift; sourceTree = "<group>"; };
		908C6EB02970A8D60043BB80 /* ReminderViewController+Row.swift */ = {isa = PBXFileReference; lastKnownFileType = sourcecode.swift; path = "ReminderViewController+Row.swift"; sourceTree = "<group>"; };
		90C9D81E298EC87F00620410 /* ReminderViewController+Section.swift */ = {isa = PBXFileReference; lastKnownFileType = sourcecode.swift; path = "ReminderViewController+Section.swift"; sourceTree = "<group>"; };
		90E791A32963725E00BAACFD /* ToDoApp.app */ = {isa = PBXFileReference; explicitFileType = wrapper.application; includeInIndex = 0; path = ToDoApp.app; sourceTree = BUILT_PRODUCTS_DIR; };
		90E791A62963725E00BAACFD /* AppDelegate.swift */ = {isa = PBXFileReference; lastKnownFileType = sourcecode.swift; path = AppDelegate.swift; sourceTree = "<group>"; };
		90E791A82963725E00BAACFD /* SceneDelegate.swift */ = {isa = PBXFileReference; lastKnownFileType = sourcecode.swift; path = SceneDelegate.swift; sourceTree = "<group>"; };
		90E791AA2963725E00BAACFD /* ReminderListViewController.swift */ = {isa = PBXFileReference; lastKnownFileType = sourcecode.swift; path = ReminderListViewController.swift; sourceTree = "<group>"; };
		90E791AD2963725E00BAACFD /* Base */ = {isa = PBXFileReference; lastKnownFileType = file.storyboard; name = Base; path = Base.lproj/Main.storyboard; sourceTree = "<group>"; };
		90E791AF2963726000BAACFD /* Assets.xcassets */ = {isa = PBXFileReference; lastKnownFileType = folder.assetcatalog; name = Assets.xcassets; path = ToDoApp/Assets.xcassets; sourceTree = SOURCE_ROOT; };
		90E791B22963726000BAACFD /* Base */ = {isa = PBXFileReference; lastKnownFileType = file.storyboard; name = Base; path = Base.lproj/LaunchScreen.storyboard; sourceTree = "<group>"; };
		90E791B42963726000BAACFD /* Info.plist */ = {isa = PBXFileReference; lastKnownFileType = text.plist.xml; path = Info.plist; sourceTree = "<group>"; };
		90E791BC2963748800BAACFD /* Reminder.swift */ = {isa = PBXFileReference; lastKnownFileType = sourcecode.swift; path = Reminder.swift; sourceTree = "<group>"; };
		90E791BE29637CE100BAACFD /* Date+Today.swift */ = {isa = PBXFileReference; lastKnownFileType = sourcecode.swift; path = "Date+Today.swift"; sourceTree = "<group>"; };
		90E791C12963812000BAACFD /* ReminderListViewController+DataSource.swift */ = {isa = PBXFileReference; lastKnownFileType = sourcecode.swift; path = "ReminderListViewController+DataSource.swift"; sourceTree = "<group>"; };
		90E791C6296622B500BAACFD /* ReminderDoneButton.swift */ = {isa = PBXFileReference; lastKnownFileType = sourcecode.swift; path = ReminderDoneButton.swift; sourceTree = "<group>"; };
		90E791C82966245C00BAACFD /* ReminderListViewController+Actions.swift */ = {isa = PBXFileReference; lastKnownFileType = sourcecode.swift; path = "ReminderListViewController+Actions.swift"; sourceTree = "<group>"; };
/* End PBXFileReference section */

/* Begin PBXFrameworksBuildPhase section */
		90E791A02963725E00BAACFD /* Frameworks */ = {
			isa = PBXFrameworksBuildPhase;
			buildActionMask = 2147483647;
			files = (
			);
			runOnlyForDeploymentPostprocessing = 0;
		};
/* End PBXFrameworksBuildPhase section */

/* Begin PBXGroup section */
		908C6EAF2970A8690043BB80 /* DetailViewController */ = {
			isa = PBXGroup;
			children = (
				908C6EAD2970A1540043BB80 /* ReminderViewController.swift */,
				908C6EB02970A8D60043BB80 /* ReminderViewController+Row.swift */,
				90C9D81E298EC87F00620410 /* ReminderViewController+Section.swift */,
			);
			path = DetailViewController;
			sourceTree = "<group>";
		};
		90E7919A2963725E00BAACFD = {
			isa = PBXGroup;
			children = (
				90E791A52963725E00BAACFD /* ToDoApp */,
				90E791A42963725E00BAACFD /* Products */,
			);
			sourceTree = "<group>";
		};
		90E791A42963725E00BAACFD /* Products */ = {
			isa = PBXGroup;
			children = (
				90E791A32963725E00BAACFD /* ToDoApp.app */,
			);
			name = Products;
			sourceTree = "<group>";
		};
		90E791A52963725E00BAACFD /* ToDoApp */ = {
			isa = PBXGroup;
			children = (
				90E791BB2963746D00BAACFD /* Models */,
				90E791A62963725E00BAACFD /* AppDelegate.swift */,
				90E791A82963725E00BAACFD /* SceneDelegate.swift */,
				908C6EAF2970A8690043BB80 /* DetailViewController */,
				90E791C0296380DB00BAACFD /* ListViewController */,
				90E791AC2963725E00BAACFD /* Main.storyboard */,
				90E791AF2963726000BAACFD /* Assets.xcassets */,
				90E791B12963726000BAACFD /* LaunchScreen.storyboard */,
				90E791B42963726000BAACFD /* Info.plist */,
			);
			path = ToDoApp;
			sourceTree = "<group>";
		};
		90E791BB2963746D00BAACFD /* Models */ = {
			isa = PBXGroup;
			children = (
				90E791BC2963748800BAACFD /* Reminder.swift */,
				90E791BE29637CE100BAACFD /* Date+Today.swift */,
				90E791C6296622B500BAACFD /* ReminderDoneButton.swift */,
			);
			path = Models;
			sourceTree = "<group>";
		};
		90E791C0296380DB00BAACFD /* ListViewController */ = {
			isa = PBXGroup;
			children = (
				90E791AA2963725E00BAACFD /* ReminderListViewController.swift */,
				90E791C12963812000BAACFD /* ReminderListViewController+DataSource.swift */,
				90E791C82966245C00BAACFD /* ReminderListViewController+Actions.swift */,
			);
			path = ListViewController;
			sourceTree = "<group>";
		};
/* End PBXGroup section */

/* Begin PBXNativeTarget section */
		90E791A22963725E00BAACFD /* ToDoApp */ = {
			isa = PBXNativeTarget;
			buildConfigurationList = 90E791B72963726000BAACFD /* Build configuration list for PBXNativeTarget "ToDoApp" */;
			buildPhases = (
				90E7919F2963725E00BAACFD /* Sources */,
				90E791A02963725E00BAACFD /* Frameworks */,
				90E791A12963725E00BAACFD /* Resources */,
			);
			buildRules = (
			);
			dependencies = (
			);
			name = ToDoApp;
			productName = ToDoApp;
			productReference = 90E791A32963725E00BAACFD /* ToDoApp.app */;
			productType = "com.apple.product-type.application";
		};
/* End PBXNativeTarget section */

/* Begin PBXProject section */
		90E7919B2963725E00BAACFD /* Project object */ = {
			isa = PBXProject;
			attributes = {
				BuildIndependentTargetsInParallel = 1;
				LastSwiftUpdateCheck = 1340;
				LastUpgradeCheck = 1340;
				TargetAttributes = {
					90E791A22963725E00BAACFD = {
						CreatedOnToolsVersion = 13.4.1;
					};
				};
			};
			buildConfigurationList = 90E7919E2963725E00BAACFD /* Build configuration list for PBXProject "ToDoApp" */;
			compatibilityVersion = "Xcode 13.0";
			developmentRegion = en;
			hasScannedForEncodings = 0;
			knownRegions = (
				en,
				Base,
			);
			mainGroup = 90E7919A2963725E00BAACFD;
			productRefGroup = 90E791A42963725E00BAACFD /* Products */;
			projectDirPath = "";
			projectRoot = "";
			targets = (
				90E791A22963725E00BAACFD /* ToDoApp */,
			);
		};
/* End PBXProject section */

/* Begin PBXResourcesBuildPhase section */
		90E791A12963725E00BAACFD /* Resources */ = {
			isa = PBXResourcesBuildPhase;
			buildActionMask = 2147483647;
			files = (
				90E791B32963726000BAACFD /* LaunchScreen.storyboard in Resources */,
				90E791B02963726000BAACFD /* Assets.xcassets in Resources */,
				90E791AE2963725E00BAACFD /* Main.storyboard in Resources */,
			);
			runOnlyForDeploymentPostprocessing = 0;
		};
/* End PBXResourcesBuildPhase section */

/* Begin PBXSourcesBuildPhase section */
		90E7919F2963725E00BAACFD /* Sources */ = {
			isa = PBXSourcesBuildPhase;
			buildActionMask = 2147483647;
			files = (
				90E791C92966245C00BAACFD /* ReminderListViewController+Actions.swift in Sources */,
				90E791AB2963725E00BAACFD /* ReminderListViewController.swift in Sources */,
				90E791BF29637CE100BAACFD /* Date+Today.swift in Sources */,
				90E791A72963725E00BAACFD /* AppDelegate.swift in Sources */,
				90C9D81F298EC87F00620410 /* ReminderViewController+Section.swift in Sources */,
				90E791A92963725E00BAACFD /* SceneDelegate.swift in Sources */,
				908C6EAE2970A1540043BB80 /* ReminderViewController.swift in Sources */,
				908C6EB12970A8D60043BB80 /* ReminderViewController+Row.swift in Sources */,
				90E791BD2963748800BAACFD /* Reminder.swift in Sources */,
				90E791C7296622B500BAACFD /* ReminderDoneButton.swift in Sources */,
				90E791C22963812000BAACFD /* ReminderListViewController+DataSource.swift in Sources */,
			);
			runOnlyForDeploymentPostprocessing = 0;
		};
/* End PBXSourcesBuildPhase section */

/* Begin PBXVariantGroup section */
		90E791AC2963725E00BAACFD /* Main.storyboard */ = {
			isa = PBXVariantGroup;
			children = (
				90E791AD2963725E00BAACFD /* Base */,
			);
			name = Main.storyboard;
			sourceTree = "<group>";
		};
		90E791B12963726000BAACFD /* LaunchScreen.storyboard */ = {
			isa = PBXVariantGroup;
			children = (
				90E791B22963726000BAACFD /* Base */,
			);
			name = LaunchScreen.storyboard;
			sourceTree = "<group>";
		};
/* End PBXVariantGroup section */

/* Begin XCBuildConfiguration section */
		90E791B52963726000BAACFD /* Debug */ = {
			isa = XCBuildConfiguration;
			buildSettings = {
				ALWAYS_SEARCH_USER_PATHS = NO;
				CLANG_ANALYZER_NONNULL = YES;
				CLANG_ANALYZER_NUMBER_OBJECT_CONVERSION = YES_AGGRESSIVE;
				CLANG_CXX_LANGUAGE_STANDARD = "gnu++17";
				CLANG_ENABLE_MODULES = YES;
				CLANG_ENABLE_OBJC_ARC = YES;
				CLANG_ENABLE_OBJC_WEAK = YES;
				CLANG_WARN_BLOCK_CAPTURE_AUTORELEASING = YES;
				CLANG_WARN_BOOL_CONVERSION = YES;
				CLANG_WARN_COMMA = YES;
				CLANG_WARN_CONSTANT_CONVERSION = YES;
				CLANG_WARN_DEPRECATED_OBJC_IMPLEMENTATIONS = YES;
				CLANG_WARN_DIRECT_OBJC_ISA_USAGE = YES_ERROR;
				CLANG_WARN_DOCUMENTATION_COMMENTS = YES;
				CLANG_WARN_EMPTY_BODY = YES;
				CLANG_WARN_ENUM_CONVERSION = YES;
				CLANG_WARN_INFINITE_RECURSION = YES;
				CLANG_WARN_INT_CONVERSION = YES;
				CLANG_WARN_NON_LITERAL_NULL_CONVERSION = YES;
				CLANG_WARN_OBJC_IMPLICIT_RETAIN_SELF = YES;
				CLANG_WARN_OBJC_LITERAL_CONVERSION = YES;
				CLANG_WARN_OBJC_ROOT_CLASS = YES_ERROR;
				CLANG_WARN_QUOTED_INCLUDE_IN_FRAMEWORK_HEADER = YES;
				CLANG_WARN_RANGE_LOOP_ANALYSIS = YES;
				CLANG_WARN_STRICT_PROTOTYPES = YES;
				CLANG_WARN_SUSPICIOUS_MOVE = YES;
				CLANG_WARN_UNGUARDED_AVAILABILITY = YES_AGGRESSIVE;
				CLANG_WARN_UNREACHABLE_CODE = YES;
				CLANG_WARN__DUPLICATE_METHOD_MATCH = YES;
				COPY_PHASE_STRIP = NO;
				DEBUG_INFORMATION_FORMAT = dwarf;
				ENABLE_STRICT_OBJC_MSGSEND = YES;
				ENABLE_TESTABILITY = YES;
				GCC_C_LANGUAGE_STANDARD = gnu11;
				GCC_DYNAMIC_NO_PIC = NO;
				GCC_NO_COMMON_BLOCKS = YES;
				GCC_OPTIMIZATION_LEVEL = 0;
				GCC_PREPROCESSOR_DEFINITIONS = (
					"DEBUG=1",
					"$(inherited)",
				);
				GCC_WARN_64_TO_32_BIT_CONVERSION = YES;
				GCC_WARN_ABOUT_RETURN_TYPE = YES_ERROR;
				GCC_WARN_UNDECLARED_SELECTOR = YES;
				GCC_WARN_UNINITIALIZED_AUTOS = YES_AGGRESSIVE;
				GCC_WARN_UNUSED_FUNCTION = YES;
				GCC_WARN_UNUSED_VARIABLE = YES;
				IPHONEOS_DEPLOYMENT_TARGET = 15.5;
				MTL_ENABLE_DEBUG_INFO = INCLUDE_SOURCE;
				MTL_FAST_MATH = YES;
				ONLY_ACTIVE_ARCH = YES;
				SDKROOT = iphoneos;
				SWIFT_ACTIVE_COMPILATION_CONDITIONS = DEBUG;
				SWIFT_OPTIMIZATION_LEVEL = "-Onone";
			};
			name = Debug;
		};
		90E791B62963726000BAACFD /* Release */ = {
			isa = XCBuildConfiguration;
			buildSettings = {
				ALWAYS_SEARCH_USER_PATHS = NO;
				CLANG_ANALYZER_NONNULL = YES;
				CLANG_ANALYZER_NUMBER_OBJECT_CONVERSION = YES_AGGRESSIVE;
				CLANG_CXX_LANGUAGE_STANDARD = "gnu++17";
				CLANG_ENABLE_MODULES = YES;
				CLANG_ENABLE_OBJC_ARC = YES;
				CLANG_ENABLE_OBJC_WEAK = YES;
				CLANG_WARN_BLOCK_CAPTURE_AUTORELEASING = YES;
				CLANG_WARN_BOOL_CONVERSION = YES;
				CLANG_WARN_COMMA = YES;
				CLANG_WARN_CONSTANT_CONVERSION = YES;
				CLANG_WARN_DEPRECATED_OBJC_IMPLEMENTATIONS = YES;
				CLANG_WARN_DIRECT_OBJC_ISA_USAGE = YES_ERROR;
				CLANG_WARN_DOCUMENTATION_COMMENTS = YES;
				CLANG_WARN_EMPTY_BODY = YES;
				CLANG_WARN_ENUM_CONVERSION = YES;
				CLANG_WARN_INFINITE_RECURSION = YES;
				CLANG_WARN_INT_CONVERSION = YES;
				CLANG_WARN_NON_LITERAL_NULL_CONVERSION = YES;
				CLANG_WARN_OBJC_IMPLICIT_RETAIN_SELF = YES;
				CLANG_WARN_OBJC_LITERAL_CONVERSION = YES;
				CLANG_WARN_OBJC_ROOT_CLASS = YES_ERROR;
				CLANG_WARN_QUOTED_INCLUDE_IN_FRAMEWORK_HEADER = YES;
				CLANG_WARN_RANGE_LOOP_ANALYSIS = YES;
				CLANG_WARN_STRICT_PROTOTYPES = YES;
				CLANG_WARN_SUSPICIOUS_MOVE = YES;
				CLANG_WARN_UNGUARDED_AVAILABILITY = YES_AGGRESSIVE;
				CLANG_WARN_UNREACHABLE_CODE = YES;
				CLANG_WARN__DUPLICATE_METHOD_MATCH = YES;
				COPY_PHASE_STRIP = NO;
				DEBUG_INFORMATION_FORMAT = "dwarf-with-dsym";
				ENABLE_NS_ASSERTIONS = NO;
				ENABLE_STRICT_OBJC_MSGSEND = YES;
				GCC_C_LANGUAGE_STANDARD = gnu11;
				GCC_NO_COMMON_BLOCKS = YES;
				GCC_WARN_64_TO_32_BIT_CONVERSION = YES;
				GCC_WARN_ABOUT_RETURN_TYPE = YES_ERROR;
				GCC_WARN_UNDECLARED_SELECTOR = YES;
				GCC_WARN_UNINITIALIZED_AUTOS = YES_AGGRESSIVE;
				GCC_WARN_UNUSED_FUNCTION = YES;
				GCC_WARN_UNUSED_VARIABLE = YES;
				IPHONEOS_DEPLOYMENT_TARGET = 15.5;
				MTL_ENABLE_DEBUG_INFO = NO;
				MTL_FAST_MATH = YES;
				SDKROOT = iphoneos;
				SWIFT_COMPILATION_MODE = wholemodule;
				SWIFT_OPTIMIZATION_LEVEL = "-O";
				VALIDATE_PRODUCT = YES;
			};
			name = Release;
		};
		90E791B82963726000BAACFD /* Debug */ = {
			isa = XCBuildConfiguration;
			buildSettings = {
				ASSETCATALOG_COMPILER_APPICON_NAME = AppIcon;
				ASSETCATALOG_COMPILER_GLOBAL_ACCENT_COLOR_NAME = AccentColor;
				CODE_SIGN_STYLE = Automatic;
				CURRENT_PROJECT_VERSION = 1;
				GENERATE_INFOPLIST_FILE = YES;
				INFOPLIST_FILE = ToDoApp/Info.plist;
				INFOPLIST_KEY_UIApplicationSupportsIndirectInputEvents = YES;
				INFOPLIST_KEY_UILaunchStoryboardName = LaunchScreen;
				INFOPLIST_KEY_UIMainStoryboardFile = Main;
				INFOPLIST_KEY_UISupportedInterfaceOrientations_iPad = "UIInterfaceOrientationPortrait UIInterfaceOrientationPortraitUpsideDown UIInterfaceOrientationLandscapeLeft UIInterfaceOrientationLandscapeRight";
				INFOPLIST_KEY_UISupportedInterfaceOrientations_iPhone = "UIInterfaceOrientationPortrait UIInterfaceOrientationLandscapeLeft UIInterfaceOrientationLandscapeRight";
				LD_RUNPATH_SEARCH_PATHS = (
					"$(inherited)",
					"@executable_path/Frameworks",
				);
				MARKETING_VERSION = 1.0;
				PRODUCT_BUNDLE_IDENTIFIER = com.MrGerlach.ToDoApp;
				PRODUCT_NAME = "$(TARGET_NAME)";
				SWIFT_EMIT_LOC_STRINGS = YES;
				SWIFT_VERSION = 5.0;
				TARGETED_DEVICE_FAMILY = "1,2";
			};
			name = Debug;
		};
		90E791B92963726000BAACFD /* Release */ = {
			isa = XCBuildConfiguration;
			buildSettings = {
				ASSETCATALOG_COMPILER_APPICON_NAME = AppIcon;
				ASSETCATALOG_COMPILER_GLOBAL_ACCENT_COLOR_NAME = AccentColor;
				CODE_SIGN_STYLE = Automatic;
				CURRENT_PROJECT_VERSION = 1;
				GENERATE_INFOPLIST_FILE = YES;
				INFOPLIST_FILE = ToDoApp/Info.plist;
				INFOPLIST_KEY_UIApplicationSupportsIndirectInputEvents = YES;
				INFOPLIST_KEY_UILaunchStoryboardName = LaunchScreen;
				INFOPLIST_KEY_UIMainStoryboardFile = Main;
				INFOPLIST_KEY_UISupportedInterfaceOrientations_iPad = "UIInterfaceOrientationPortrait UIInterfaceOrientationPortraitUpsideDown UIInterfaceOrientationLandscapeLeft UIInterfaceOrientationLandscapeRight";
				INFOPLIST_KEY_UISupportedInterfaceOrientations_iPhone = "UIInterfaceOrientationPortrait UIInterfaceOrientationLandscapeLeft UIInterfaceOrientationLandscapeRight";
				LD_RUNPATH_SEARCH_PATHS = (
					"$(inherited)",
					"@executable_path/Frameworks",
				);
				MARKETING_VERSION = 1.0;
				PRODUCT_BUNDLE_IDENTIFIER = com.MrGerlach.ToDoApp;
				PRODUCT_NAME = "$(TARGET_NAME)";
				SWIFT_EMIT_LOC_STRINGS = YES;
				SWIFT_VERSION = 5.0;
				TARGETED_DEVICE_FAMILY = "1,2";
			};
			name = Release;
		};
/* End XCBuildConfiguration section */

/* Begin XCConfigurationList section */
		90E7919E2963725E00BAACFD /* Build configuration list for PBXProject "ToDoApp" */ = {
			isa = XCConfigurationList;
			buildConfigurations = (
				90E791B52963726000BAACFD /* Debug */,
				90E791B62963726000BAACFD /* Release */,
			);
			defaultConfigurationIsVisible = 0;
			defaultConfigurationName = Release;
		};
		90E791B72963726000BAACFD /* Build configuration list for PBXNativeTarget "ToDoApp" */ = {
			isa = XCConfigurationList;
			buildConfigurations = (
				90E791B82963726000BAACFD /* Debug */,
				90E791B92963726000BAACFD /* Release */,
			);
			defaultConfigurationIsVisible = 0;
			defaultConfigurationName = Release;
		};
/* End XCConfigurationList section */
	};
	rootObject = 90E7919B2963725E00BAACFD /* Project object */;
}
